
Microsoft Visual Studio Solution File, Format Version 12.00
# Visual Studio 15
VisualStudioVersion = 15.0.28307.168
MinimumVisualStudioVersion = 10.0.40219.1
Project("{8BC9CEB8-8B4A-11D0-8D11-00A0C91BC942}") = "학생부", "학생부\학생부.vcxproj", "{B76504AA-6164-461D-9B82-8EEDA09032BD}"
EndProject
Global
	GlobalSection(SolutionConfigurationPlatforms) = preSolution
		Debug|x64 = Debug|x64
		Debug|x86 = Debug|x86
		Release|x64 = Release|x64
		Release|x86 = Release|x86
	EndGlobalSection
	GlobalSection(ProjectConfigurationPlatforms) = postSolution
		{B76504AA-6164-461D-9B82-8EEDA09032BD}.Debug|x64.ActiveCfg = Debug|x64
		{B76504AA-6164-461D-9B82-8EEDA09032BD}.Debug|x64.Build.0 = Debug|x64
		{B76504AA-6164-461D-9B82-8EEDA09032BD}.Debug|x86.ActiveCfg = Debug|Win32
		{B76504AA-6164-461D-9B82-8EEDA09032BD}.Debug|x86.Build.0 = Debug|Win32
		{B76504AA-6164-461D-9B82-8EEDA09032BD}.Release|x64.ActiveCfg = Release|x64
		{B76504AA-6164-461D-9B82-8EEDA09032BD}.Release|x64.Build.0 = Release|x64
		{B76504AA-6164-461D-9B82-8EEDA09032BD}.Release|x86.ActiveCfg = Release|Win32
		{B76504AA-6164-461D-9B82-8EEDA09032BD}.Release|x86.Build.0 = Release|Win32
	EndGlobalSection
	GlobalSection(SolutionProperties) = preSolution
		HideSolutionNode = FALSE
	EndGlobalSection
	GlobalSection(ExtensibilityGlobals) = postSolution
		SolutionGuid = {0EB2F485-9672-464C-ABB3-3C5188D88C24}
	EndGlobalSection
EndGlobal
